
Microsoft Visual Studio Solution File, Format Version 12.00
# Visual Studio Version 16
VisualStudioVersion = 16.0.29509.3
MinimumVisualStudioVersion = 10.0.40219.1
Project("{9A19103F-16F7-4668-BE54-9A1E7A4F7556}") = "CSharpFileJoiner", "CSharpFileJoiner\CSharpFileJoiner.csproj", "{DEA3A5F4-1C96-48CD-9EB1-080D290405BC}"
EndProject
Project("{FAE04EC0-301F-11D3-BF4B-00C04F79EFBC}") = "CSharpFileJoiner.test", "CSharpFileJoiner.test\CSharpFileJoiner.test.csproj", "{1E31F181-C280-4FA6-9F7B-0D38DB00D378}"
EndProject
Global
	GlobalSection(SolutionConfigurationPlatforms) = preSolution
		Debug|Any CPU = Debug|Any CPU
		Release|Any CPU = Release|Any CPU
	EndGlobalSection
	GlobalSection(ProjectConfigurationPlatforms) = postSolution
		{DEA3A5F4-1C96-48CD-9EB1-080D290405BC}.Debug|Any CPU.ActiveCfg = Debug|Any CPU
		{DEA3A5F4-1C96-48CD-9EB1-080D290405BC}.Debug|Any CPU.Build.0 = Debug|Any CPU
		{DEA3A5F4-1C96-48CD-9EB1-080D290405BC}.Release|Any CPU.ActiveCfg = Release|Any CPU
		{DEA3A5F4-1C96-48CD-9EB1-080D290405BC}.Release|Any CPU.Build.0 = Release|Any CPU
		{1E31F181-C280-4FA6-9F7B-0D38DB00D378}.Debug|Any CPU.ActiveCfg = Debug|Any CPU
		{1E31F181-C280-4FA6-9F7B-0D38DB00D378}.Debug|Any CPU.Build.0 = Debug|Any CPU
		{1E31F181-C280-4FA6-9F7B-0D38DB00D378}.Release|Any CPU.ActiveCfg = Release|Any CPU
		{1E31F181-C280-4FA6-9F7B-0D38DB00D378}.Release|Any CPU.Build.0 = Release|Any CPU
	EndGlobalSection
	GlobalSection(SolutionProperties) = preSolution
		HideSolutionNode = FALSE
	EndGlobalSection
	GlobalSection(ExtensibilityGlobals) = postSolution
		SolutionGuid = {E72B5464-2E9E-42D5-961D-BCFA064F0F56}
	EndGlobalSection
EndGlobal
